github.com/coder/websocket v1.8.14 h1:9L0p0iKiNOibykf283eHkKUHHrpG7f65OE3BhhO7v9g=
github.com/coder/websocket v1.8.14/go.mod h1:NX3SzP+inril6yawo5CQXx8+fk145lPDC6pumgx0mVg=
github.com/fsnotify/fsnotify v1.9.0 h1:2Ml+OJNzbYCTzsxtv8vKSFD9PbJjmhYF14k/jKC7S9k=
github.com/fsnotify/fsnotify v1.9.0/go.mod h1:8jBTzvmWwFyi3Pb8djgCCO5IBqzKJ/Jwo8TRcHyHii0=
github.com/neilotoole/slogt v1.1.0 h1:c7qE92sq+V0yvCuaxph+RQ2jOKL61c4hqS1Bv9W7FZE=
github.com/neilotoole/slogt v1.1.0/go.mod h1:RCrGXkPc/hYybNulqQrMHRtvlQ7F6NktNVLuLwk6V+w=
github.com/teivah/broadcast v0.1.0 h1:UMs1tn8w20Xlnod+VbLbwH3dzEH2zfJy4lxdzZjQLL0=
github.com/teivah/broadcast v0.1.0/go.mod h1:mXEgvXdYz2xUkQFARxI+jyX1MfCBwMDiGjIKSAsEq1g=
golang.org/x/sys v0.38.0 h1:3yZWxaJjBmCWXqhN1qh02AkOnCQ1poK6oF+a7xWL6Gc=
golang.org/x/sys v0.38.0/go.mod h1:OgkHotnGiDImocRcuBABYBEXf8A9a87e/uXjp9XT3ks=
